// !$*UTF8*$!
{
	archiveVersion = 1;
	classes = {
	};
	objectVersion = 56;
	objects = {

/* Begin PBXBuildFile section */
		2D3F3EE32A17C54A009CB0AF /* PlaylistsModel.swift in Sources */ = {isa = PBXBuildFile; fileRef = 2D3F3EE22A17C54A009CB0AF /* PlaylistsModel.swift */; };
		2D3F3EE52A17D6B7009CB0AF /* VideoModel.swift in Sources */ = {isa = PBXBuildFile; fileRef = 2D3F3EE42A17D6B7009CB0AF /* VideoModel.swift */; };
		2D3F3EE72A183665009CB0AF /* PlaylistItemsModel.swift in Sources */ = {isa = PBXBuildFile; fileRef = 2D3F3EE62A183665009CB0AF /* PlaylistItemsModel.swift */; };
		2D3F3EE92A1838B3009CB0AF /* ChannelModel.swift in Sources */ = {isa = PBXBuildFile; fileRef = 2D3F3EE82A1838B3009CB0AF /* ChannelModel.swift */; };
		2D3F3EEC2A183B0A009CB0AF /* RootPageViewController.swift in Sources */ = {isa = PBXBuildFile; fileRef = 2D3F3EEB2A183B0A009CB0AF /* RootPageViewController.swift */; };
		2D3F3EEE2A183B25009CB0AF /* MainViewController.swift in Sources */ = {isa = PBXBuildFile; fileRef = 2D3F3EED2A183B25009CB0AF /* MainViewController.swift */; };
		2D3F3EF22A183C75009CB0AF /* HomeViewController.swift in Sources */ = {isa = PBXBuildFile; fileRef = 2D3F3EF02A183C75009CB0AF /* HomeViewController.swift */; };
		2D3F3EFA2A183CC4009CB0AF /* VideosViewController.swift in Sources */ = {isa = PBXBuildFile; fileRef = 2D3F3EF82A183CC4009CB0AF /* VideosViewController.swift */; };
		2D3F3EFB2A183CC4009CB0AF /* VideosViewController.xib in Resources */ = {isa = PBXBuildFile; fileRef = 2D3F3EF92A183CC4009CB0AF /* VideosViewController.xib */; };
		2D3F3EFE2A183CDD009CB0AF /* PlaylistsViewController.swift in Sources */ = {isa = PBXBuildFile; fileRef = 2D3F3EFC2A183CDD009CB0AF /* PlaylistsViewController.swift */; };
		2D3F3EFF2A183CDD009CB0AF /* PlaylistsViewController.xib in Resources */ = {isa = PBXBuildFile; fileRef = 2D3F3EFD2A183CDD009CB0AF /* PlaylistsViewController.xib */; };
		2D3F3F022A183CF8009CB0AF /* ChannelsViewController.swift in Sources */ = {isa = PBXBuildFile; fileRef = 2D3F3F002A183CF8009CB0AF /* ChannelsViewController.swift */; };
		2D3F3F032A183CF8009CB0AF /* ChannelsViewController.xib in Resources */ = {isa = PBXBuildFile; fileRef = 2D3F3F012A183CF8009CB0AF /* ChannelsViewController.xib */; };
		2D3F3F062A183D06009CB0AF /* AboutViewController.swift in Sources */ = {isa = PBXBuildFile; fileRef = 2D3F3F042A183D06009CB0AF /* AboutViewController.swift */; };
		2D3F3F072A183D06009CB0AF /* AboutViewController.xib in Resources */ = {isa = PBXBuildFile; fileRef = 2D3F3F052A183D06009CB0AF /* AboutViewController.xib */; };
		2D3F3F0A2A184465009CB0AF /* ServiceLayer.swift in Sources */ = {isa = PBXBuildFile; fileRef = 2D3F3F092A184465009CB0AF /* ServiceLayer.swift */; };
		2D3F3F0C2A184476009CB0AF /* NetworkError.swift in Sources */ = {isa = PBXBuildFile; fileRef = 2D3F3F0B2A184476009CB0AF /* NetworkError.swift */; };
		2D3F3F0E2A184532009CB0AF /* RequestModel.swift in Sources */ = {isa = PBXBuildFile; fileRef = 2D3F3F0D2A184532009CB0AF /* RequestModel.swift */; };
		2D3F3F112A1846BB009CB0AF /* Constants.swift in Sources */ = {isa = PBXBuildFile; fileRef = 2D3F3F102A1846BB009CB0AF /* Constants.swift */; };
		2D3F3F172A185176009CB0AF /* HomeProvider.swift in Sources */ = {isa = PBXBuildFile; fileRef = 2D3F3F162A185176009CB0AF /* HomeProvider.swift */; };
		2D3F3F192A18537B009CB0AF /* HomePresenter.swift in Sources */ = {isa = PBXBuildFile; fileRef = 2D3F3F182A18537B009CB0AF /* HomePresenter.swift */; };
		2D423C0A2A1AB7F900B848F8 /* HomeProviderMock.swift in Sources */ = {isa = PBXBuildFile; fileRef = 2D423C092A1AB7F900B848F8 /* HomeProviderMock.swift */; };
		2D423C0D2A1AB84500B848F8 /* Utils.swift in Sources */ = {isa = PBXBuildFile; fileRef = 2D423C0C2A1AB84500B848F8 /* Utils.swift */; };
		2D423C102A1AB9DC00B848F8 /* Playlists.json in Resources */ = {isa = PBXBuildFile; fileRef = 2D423C0F2A1AB9DC00B848F8 /* Playlists.json */; };
		2D423C112A1AB9E300B848F8 /* Channel.json in Resources */ = {isa = PBXBuildFile; fileRef = 2D423C0E2A1AB9A700B848F8 /* Channel.json */; };
		2D423C132A1ABA1500B848F8 /* PlaylistItems.json in Resources */ = {isa = PBXBuildFile; fileRef = 2D423C122A1ABA1500B848F8 /* PlaylistItems.json */; };
		2D423C152A1ABA4100B848F8 /* SearchVideos.json in Resources */ = {isa = PBXBuildFile; fileRef = 2D423C142A1ABA4100B848F8 /* SearchVideos.json */; };
		2D423C172A1ABB8C00B848F8 /* VideoOnlyOne.json in Resources */ = {isa = PBXBuildFile; fileRef = 2D423C162A1ABB8C00B848F8 /* VideoOnlyOne.json */; };
		2D423C192A1AC36100B848F8 /* MockManager.swift in Sources */ = {isa = PBXBuildFile; fileRef = 2D423C182A1AC36100B848F8 /* MockManager.swift */; };
		2D423C212A1AC48B00B848F8 /* VideoCell.swift in Sources */ = {isa = PBXBuildFile; fileRef = 2D423C1F2A1AC48B00B848F8 /* VideoCell.swift */; };
		2D423C222A1AC48B00B848F8 /* VideoCell.xib in Resources */ = {isa = PBXBuildFile; fileRef = 2D423C202A1AC48B00B848F8 /* VideoCell.xib */; };
		2D423C252A1AC4A600B848F8 /* PlaylistCell.swift in Sources */ = {isa = PBXBuildFile; fileRef = 2D423C232A1AC4A600B848F8 /* PlaylistCell.swift */; };
		2D423C262A1AC4A600B848F8 /* PlaylistCell.xib in Resources */ = {isa = PBXBuildFile; fileRef = 2D423C242A1AC4A600B848F8 /* PlaylistCell.xib */; };
		2D47C4512A1AF2D30090AB49 /* Kingfisher in Frameworks */ = {isa = PBXBuildFile; productRef = 2D47C4502A1AF2D30090AB49 /* Kingfisher */; };
		2D67EAA52A1B4CB10036A463 /* ChannelCell.swift in Sources */ = {isa = PBXBuildFile; fileRef = 2D67EAA42A1B4CB10036A463 /* ChannelCell.swift */; };
		2D6FC6142A1659EE00436F02 /* AppDelegate.swift in Sources */ = {isa = PBXBuildFile; fileRef = 2D6FC6132A1659EE00436F02 /* AppDelegate.swift */; };
		2D6FC6162A1659EE00436F02 /* SceneDelegate.swift in Sources */ = {isa = PBXBuildFile; fileRef = 2D6FC6152A1659EE00436F02 /* SceneDelegate.swift */; };
		2D6FC6182A1659EE00436F02 /* ViewController.swift in Sources */ = {isa = PBXBuildFile; fileRef = 2D6FC6172A1659EE00436F02 /* ViewController.swift */; };
		2D6FC61B2A1659EE00436F02 /* Main.storyboard in Resources */ = {isa = PBXBuildFile; fileRef = 2D6FC6192A1659EE00436F02 /* Main.storyboard */; };
		2D6FC61D2A1659EF00436F02 /* Assets.xcassets in Resources */ = {isa = PBXBuildFile; fileRef = 2D6FC61C2A1659EF00436F02 /* Assets.xcassets */; };
		2D6FC6202A1659EF00436F02 /* LaunchScreen.storyboard in Resources */ = {isa = PBXBuildFile; fileRef = 2D6FC61E2A1659EF00436F02 /* LaunchScreen.storyboard */; };
/* End PBXBuildFile section */

/* Begin PBXFileReference section */
		2D3F3EE22A17C54A009CB0AF /* PlaylistsModel.swift */ = {isa = PBXFileReference; lastKnownFileType = sourcecode.swift; path = PlaylistsModel.swift; sourceTree = "<group>"; };
		2D3F3EE42A17D6B7009CB0AF /* VideoModel.swift */ = {isa = PBXFileReference; lastKnownFileType = sourcecode.swift; path = VideoModel.swift; sourceTree = "<group>"; };
		2D3F3EE62A183665009CB0AF /* PlaylistItemsModel.swift */ = {isa = PBXFileReference; lastKnownFileType = sourcecode.swift; path = PlaylistItemsModel.swift; sourceTree = "<group>"; };
		2D3F3EE82A1838B3009CB0AF /* ChannelModel.swift */ = {isa = PBXFileReference; lastKnownFileType = sourcecode.swift; path = ChannelModel.swift; sourceTree = "<group>"; };
		2D3F3EEB2A183B0A009CB0AF /* RootPageViewController.swift */ = {isa = PBXFileReference; lastKnownFileType = sourcecode.swift; path = RootPageViewController.swift; sourceTree = "<group>"; };
		2D3F3EED2A183B25009CB0AF /* MainViewController.swift */ = {isa = PBXFileReference; lastKnownFileType = sourcecode.swift; path = MainViewController.swift; sourceTree = "<group>"; };
		2D3F3EF02A183C75009CB0AF /* HomeViewController.swift */ = {isa = PBXFileReference; lastKnownFileType = sourcecode.swift; path = HomeViewController.swift; sourceTree = "<group>"; };
		2D3F3EF82A183CC4009CB0AF /* VideosViewController.swift */ = {isa = PBXFileReference; lastKnownFileType = sourcecode.swift; path = VideosViewController.swift; sourceTree = "<group>"; };
		2D3F3EF92A183CC4009CB0AF /* VideosViewController.xib */ = {isa = PBXFileReference; lastKnownFileType = file.xib; path = VideosViewController.xib; sourceTree = "<group>"; };
		2D3F3EFC2A183CDD009CB0AF /* PlaylistsViewController.swift */ = {isa = PBXFileReference; lastKnownFileType = sourcecode.swift; path = PlaylistsViewController.swift; sourceTree = "<group>"; };
		2D3F3EFD2A183CDD009CB0AF /* PlaylistsViewController.xib */ = {isa = PBXFileReference; lastKnownFileType = file.xib; path = PlaylistsViewController.xib; sourceTree = "<group>"; };
		2D3F3F002A183CF8009CB0AF /* ChannelsViewController.swift */ = {isa = PBXFileReference; lastKnownFileType = sourcecode.swift; path = ChannelsViewController.swift; sourceTree = "<group>"; };
		2D3F3F012A183CF8009CB0AF /* ChannelsViewController.xib */ = {isa = PBXFileReference; lastKnownFileType = file.xib; path = ChannelsViewController.xib; sourceTree = "<group>"; };
		2D3F3F042A183D06009CB0AF /* AboutViewController.swift */ = {isa = PBXFileReference; lastKnownFileType = sourcecode.swift; path = AboutViewController.swift; sourceTree = "<group>"; };
		2D3F3F052A183D06009CB0AF /* AboutViewController.xib */ = {isa = PBXFileReference; lastKnownFileType = file.xib; path = AboutViewController.xib; sourceTree = "<group>"; };
		2D3F3F092A184465009CB0AF /* ServiceLayer.swift */ = {isa = PBXFileReference; lastKnownFileType = sourcecode.swift; path = ServiceLayer.swift; sourceTree = "<group>"; };
		2D3F3F0B2A184476009CB0AF /* NetworkError.swift */ = {isa = PBXFileReference; lastKnownFileType = sourcecode.swift; path = NetworkError.swift; sourceTree = "<group>"; };
		2D3F3F0D2A184532009CB0AF /* RequestModel.swift */ = {isa = PBXFileReference; lastKnownFileType = sourcecode.swift; path = RequestModel.swift; sourceTree = "<group>"; };
		2D3F3F102A1846BB009CB0AF /* Constants.swift */ = {isa = PBXFileReference; lastKnownFileType = sourcecode.swift; path = Constants.swift; sourceTree = "<group>"; };
		2D3F3F162A185176009CB0AF /* HomeProvider.swift */ = {isa = PBXFileReference; lastKnownFileType = sourcecode.swift; path = HomeProvider.swift; sourceTree = "<group>"; };
		2D3F3F182A18537B009CB0AF /* HomePresenter.swift */ = {isa = PBXFileReference; lastKnownFileType = sourcecode.swift; path = HomePresenter.swift; sourceTree = "<group>"; };
		2D423C092A1AB7F900B848F8 /* HomeProviderMock.swift */ = {isa = PBXFileReference; lastKnownFileType = sourcecode.swift; path = HomeProviderMock.swift; sourceTree = "<group>"; };
		2D423C0C2A1AB84500B848F8 /* Utils.swift */ = {isa = PBXFileReference; lastKnownFileType = sourcecode.swift; path = Utils.swift; sourceTree = "<group>"; };
		2D423C0E2A1AB9A700B848F8 /* Channel.json */ = {isa = PBXFileReference; lastKnownFileType = text.json; path = Channel.json; sourceTree = "<group>"; };
		2D423C0F2A1AB9DC00B848F8 /* Playlists.json */ = {isa = PBXFileReference; lastKnownFileType = text.json; path = Playlists.json; sourceTree = "<group>"; };
		2D423C122A1ABA1500B848F8 /* PlaylistItems.json */ = {isa = PBXFileReference; lastKnownFileType = text.json; path = PlaylistItems.json; sourceTree = "<group>"; };
		2D423C142A1ABA4100B848F8 /* SearchVideos.json */ = {isa = PBXFileReference; lastKnownFileType = text.json; path = SearchVideos.json; sourceTree = "<group>"; };
		2D423C162A1ABB8C00B848F8 /* VideoOnlyOne.json */ = {isa = PBXFileReference; lastKnownFileType = text.json; path = VideoOnlyOne.json; sourceTree = "<group>"; };
		2D423C182A1AC36100B848F8 /* MockManager.swift */ = {isa = PBXFileReference; lastKnownFileType = sourcecode.swift; path = MockManager.swift; sourceTree = "<group>"; };
		2D423C1F2A1AC48B00B848F8 /* VideoCell.swift */ = {isa = PBXFileReference; lastKnownFileType = sourcecode.swift; path = VideoCell.swift; sourceTree = "<group>"; };
		2D423C202A1AC48B00B848F8 /* VideoCell.xib */ = {isa = PBXFileReference; lastKnownFileType = file.xib; path = VideoCell.xib; sourceTree = "<group>"; };
		2D423C232A1AC4A600B848F8 /* PlaylistCell.swift */ = {isa = PBXFileReference; lastKnownFileType = sourcecode.swift; path = PlaylistCell.swift; sourceTree = "<group>"; };
		2D423C242A1AC4A600B848F8 /* PlaylistCell.xib */ = {isa = PBXFileReference; lastKnownFileType = file.xib; path = PlaylistCell.xib; sourceTree = "<group>"; };
		2D67EAA42A1B4CB10036A463 /* ChannelCell.swift */ = {isa = PBXFileReference; lastKnownFileType = sourcecode.swift; path = ChannelCell.swift; sourceTree = "<group>"; };
		2D6FC6102A1659EE00436F02 /* GualdoTube.app */ = {isa = PBXFileReference; explicitFileType = wrapper.application; includeInIndex = 0; path = GualdoTube.app; sourceTree = BUILT_PRODUCTS_DIR; };
		2D6FC6132A1659EE00436F02 /* AppDelegate.swift */ = {isa = PBXFileReference; lastKnownFileType = sourcecode.swift; path = AppDelegate.swift; sourceTree = "<group>"; };
		2D6FC6152A1659EE00436F02 /* SceneDelegate.swift */ = {isa = PBXFileReference; lastKnownFileType = sourcecode.swift; path = SceneDelegate.swift; sourceTree = "<group>"; };
		2D6FC6172A1659EE00436F02 /* ViewController.swift */ = {isa = PBXFileReference; lastKnownFileType = sourcecode.swift; path = ViewController.swift; sourceTree = "<group>"; };
		2D6FC61A2A1659EE00436F02 /* Base */ = {isa = PBXFileReference; lastKnownFileType = file.storyboard; name = Base; path = Base.lproj/Main.storyboard; sourceTree = "<group>"; };
		2D6FC61C2A1659EF00436F02 /* Assets.xcassets */ = {isa = PBXFileReference; lastKnownFileType = folder.assetcatalog; path = Assets.xcassets; sourceTree = "<group>"; };
		2D6FC61F2A1659EF00436F02 /* Base */ = {isa = PBXFileReference; lastKnownFileType = file.storyboard; name = Base; path = Base.lproj/LaunchScreen.storyboard; sourceTree = "<group>"; };
		2D6FC6212A1659EF00436F02 /* Info.plist */ = {isa = PBXFileReference; lastKnownFileType = text.plist.xml; path = Info.plist; sourceTree = "<group>"; };
/* End PBXFileReference section */

/* Begin PBXFrameworksBuildPhase section */
		2D6FC60D2A1659EE00436F02 /* Frameworks */ = {
			isa = PBXFrameworksBuildPhase;
			buildActionMask = 2147483647;
			files = (
				2D47C4512A1AF2D30090AB49 /* Kingfisher in Frameworks */,
			);
			runOnlyForDeploymentPostprocessing = 0;
		};
/* End PBXFrameworksBuildPhase section */

/* Begin PBXGroup section */
		2D3F3EE12A17C528009CB0AF /* Model */ = {
			isa = PBXGroup;
			children = (
				2D3F3EE22A17C54A009CB0AF /* PlaylistsModel.swift */,
				2D3F3EE42A17D6B7009CB0AF /* VideoModel.swift */,
				2D3F3EE62A183665009CB0AF /* PlaylistItemsModel.swift */,
				2D3F3EE82A1838B3009CB0AF /* ChannelModel.swift */,
			);
			path = Model;
			sourceTree = "<group>";
		};
		2D3F3EEA2A183AD5009CB0AF /* Main */ = {
			isa = PBXGroup;
			children = (
				2D3F3EEB2A183B0A009CB0AF /* RootPageViewController.swift */,
				2D3F3EED2A183B25009CB0AF /* MainViewController.swift */,
			);
			path = Main;
			sourceTree = "<group>";
		};
		2D3F3EEF2A183C51009CB0AF /* Home */ = {
			isa = PBXGroup;
			children = (
				2D3F3F142A185153009CB0AF /* Presenter */,
				2D3F3F122A185124009CB0AF /* Model */,
				2D3F3F132A185133009CB0AF /* View */,
			);
			path = Home;
			sourceTree = "<group>";
		};
		2D3F3EF42A183C83009CB0AF /* Videos */ = {
			isa = PBXGroup;
			children = (
				2D3F3EF82A183CC4009CB0AF /* VideosViewController.swift */,
				2D3F3EF92A183CC4009CB0AF /* VideosViewController.xib */,
			);
			path = Videos;
			sourceTree = "<group>";
		};
		2D3F3EF52A183C8E009CB0AF /* Playlists */ = {
			isa = PBXGroup;
			children = (
				2D3F3EFC2A183CDD009CB0AF /* PlaylistsViewController.swift */,
				2D3F3EFD2A183CDD009CB0AF /* PlaylistsViewController.xib */,
			);
			path = Playlists;
			sourceTree = "<group>";
		};
		2D3F3EF62A183C9D009CB0AF /* Channels */ = {
			isa = PBXGroup;
			children = (
				2D3F3F002A183CF8009CB0AF /* ChannelsViewController.swift */,
				2D3F3F012A183CF8009CB0AF /* ChannelsViewController.xib */,
			);
			path = Channels;
			sourceTree = "<group>";
		};
		2D3F3EF72A183CA3009CB0AF /* About */ = {
			isa = PBXGroup;
			children = (
				2D3F3F042A183D06009CB0AF /* AboutViewController.swift */,
				2D3F3F052A183D06009CB0AF /* AboutViewController.xib */,
			);
			path = About;
			sourceTree = "<group>";
		};
		2D3F3F082A184432009CB0AF /* ServiceLayer */ = {
			isa = PBXGroup;
			children = (
				2D3F3F092A184465009CB0AF /* ServiceLayer.swift */,
				2D3F3F0B2A184476009CB0AF /* NetworkError.swift */,
				2D3F3F0D2A184532009CB0AF /* RequestModel.swift */,
			);
			path = ServiceLayer;
			sourceTree = "<group>";
		};
		2D3F3F0F2A1846A7009CB0AF /* Utils */ = {
			isa = PBXGroup;
			children = (
				2D423C0B2A1AB82900B848F8 /* Mock */,
				2D3F3F102A1846BB009CB0AF /* Constants.swift */,
				2D423C182A1AC36100B848F8 /* MockManager.swift */,
				2D423C0C2A1AB84500B848F8 /* Utils.swift */,
			);
			path = Utils;
			sourceTree = "<group>";
		};
		2D3F3F122A185124009CB0AF /* Model */ = {
			isa = PBXGroup;
			children = (
				2D3F3F152A18515A009CB0AF /* Provider */,
			);
			path = Model;
			sourceTree = "<group>";
		};
		2D3F3F132A185133009CB0AF /* View */ = {
			isa = PBXGroup;
			children = (
				2D423C1A2A1AC44000B848F8 /* CustomCells */,
				2D3F3EF02A183C75009CB0AF /* HomeViewController.swift */,
			);
			path = View;
			sourceTree = "<group>";
		};
		2D3F3F142A185153009CB0AF /* Presenter */ = {
			isa = PBXGroup;
			children = (
				2D3F3F182A18537B009CB0AF /* HomePresenter.swift */,
			);
			path = Presenter;
			sourceTree = "<group>";
		};
		2D3F3F152A18515A009CB0AF /* Provider */ = {
			isa = PBXGroup;
			children = (
				2D3F3F162A185176009CB0AF /* HomeProvider.swift */,
				2D423C092A1AB7F900B848F8 /* HomeProviderMock.swift */,
			);
			path = Provider;
			sourceTree = "<group>";
		};
		2D423C0B2A1AB82900B848F8 /* Mock */ = {
			isa = PBXGroup;
			children = (
				2D423C0E2A1AB9A700B848F8 /* Channel.json */,
				2D423C0F2A1AB9DC00B848F8 /* Playlists.json */,
				2D423C122A1ABA1500B848F8 /* PlaylistItems.json */,
				2D423C142A1ABA4100B848F8 /* SearchVideos.json */,
				2D423C162A1ABB8C00B848F8 /* VideoOnlyOne.json */,
			);
			path = Mock;
			sourceTree = "<group>";
		};
		2D423C1A2A1AC44000B848F8 /* CustomCells */ = {
			isa = PBXGroup;
			children = (
				2D423C282A1AC51900B848F8 /* ChannelCell */,
				2D423C292A1AC52400B848F8 /* VideoCell */,
				2D423C2A2A1AC52E00B848F8 /* PlaylistCell */,
			);
			path = CustomCells;
			sourceTree = "<group>";
		};
		2D423C282A1AC51900B848F8 /* ChannelCell */ = {
			isa = PBXGroup;
			children = (
				2D67EAA42A1B4CB10036A463 /* ChannelCell.swift */,
			);
			path = ChannelCell;
			sourceTree = "<group>";
		};
		2D423C292A1AC52400B848F8 /* VideoCell */ = {
			isa = PBXGroup;
			children = (
				2D423C1F2A1AC48B00B848F8 /* VideoCell.swift */,
				2D423C202A1AC48B00B848F8 /* VideoCell.xib */,
			);
			path = VideoCell;
			sourceTree = "<group>";
		};
		2D423C2A2A1AC52E00B848F8 /* PlaylistCell */ = {
			isa = PBXGroup;
			children = (
				2D423C232A1AC4A600B848F8 /* PlaylistCell.swift */,
				2D423C242A1AC4A600B848F8 /* PlaylistCell.xib */,
			);
			path = PlaylistCell;
			sourceTree = "<group>";
		};
		2D6FC6072A1659EE00436F02 = {
			isa = PBXGroup;
			children = (
				2D6FC6122A1659EE00436F02 /* GualdoTube */,
				2D6FC6112A1659EE00436F02 /* Products */,
			);
			sourceTree = "<group>";
		};
		2D6FC6112A1659EE00436F02 /* Products */ = {
			isa = PBXGroup;
			children = (
				2D6FC6102A1659EE00436F02 /* GualdoTube.app */,
			);
			name = Products;
			sourceTree = "<group>";
		};
		2D6FC6122A1659EE00436F02 /* GualdoTube */ = {
			isa = PBXGroup;
			children = (
				2D3F3EF72A183CA3009CB0AF /* About */,
				2D3F3EF62A183C9D009CB0AF /* Channels */,
				2D3F3EEF2A183C51009CB0AF /* Home */,
				2D3F3EEA2A183AD5009CB0AF /* Main */,
				2D3F3EE12A17C528009CB0AF /* Model */,
				2D3F3EF52A183C8E009CB0AF /* Playlists */,
				2D3F3F082A184432009CB0AF /* ServiceLayer */,
				2D3F3F0F2A1846A7009CB0AF /* Utils */,
				2D3F3EF42A183C83009CB0AF /* Videos */,
				2D6FC6132A1659EE00436F02 /* AppDelegate.swift */,
				2D6FC6152A1659EE00436F02 /* SceneDelegate.swift */,
				2D6FC6172A1659EE00436F02 /* ViewController.swift */,
				2D6FC6192A1659EE00436F02 /* Main.storyboard */,
				2D6FC61C2A1659EF00436F02 /* Assets.xcassets */,
				2D6FC61E2A1659EF00436F02 /* LaunchScreen.storyboard */,
				2D6FC6212A1659EF00436F02 /* Info.plist */,
			);
			path = GualdoTube;
			sourceTree = "<group>";
		};
/* End PBXGroup section */

/* Begin PBXNativeTarget section */
		2D6FC60F2A1659EE00436F02 /* GualdoTube */ = {
			isa = PBXNativeTarget;
			buildConfigurationList = 2D6FC6242A1659EF00436F02 /* Build configuration list for PBXNativeTarget "GualdoTube" */;
			buildPhases = (
				2D6FC60C2A1659EE00436F02 /* Sources */,
				2D6FC60D2A1659EE00436F02 /* Frameworks */,
				2D6FC60E2A1659EE00436F02 /* Resources */,
			);
			buildRules = (
			);
			dependencies = (
			);
			name = GualdoTube;
			packageProductDependencies = (
				2D47C4502A1AF2D30090AB49 /* Kingfisher */,
			);
			productName = GualdoTube;
			productReference = 2D6FC6102A1659EE00436F02 /* GualdoTube.app */;
			productType = "com.apple.product-type.application";
		};
/* End PBXNativeTarget section */

/* Begin PBXProject section */
		2D6FC6082A1659EE00436F02 /* Project object */ = {
			isa = PBXProject;
			attributes = {
				BuildIndependentTargetsInParallel = 1;
				LastSwiftUpdateCheck = 1430;
				LastUpgradeCheck = 1430;
				TargetAttributes = {
					2D6FC60F2A1659EE00436F02 = {
						CreatedOnToolsVersion = 14.3;
					};
				};
			};
			buildConfigurationList = 2D6FC60B2A1659EE00436F02 /* Build configuration list for PBXProject "GualdoTube" */;
			compatibilityVersion = "Xcode 14.0";
			developmentRegion = en;
			hasScannedForEncodings = 0;
			knownRegions = (
				en,
				Base,
			);
			mainGroup = 2D6FC6072A1659EE00436F02;
			packageReferences = (
				2D47C44F2A1AF2D30090AB49 /* XCRemoteSwiftPackageReference "Kingfisher" */,
			);
			productRefGroup = 2D6FC6112A1659EE00436F02 /* Products */;
			projectDirPath = "";
			projectRoot = "";
			targets = (
				2D6FC60F2A1659EE00436F02 /* GualdoTube */,
			);
		};
/* End PBXProject section */

/* Begin PBXResourcesBuildPhase section */
		2D6FC60E2A1659EE00436F02 /* Resources */ = {
			isa = PBXResourcesBuildPhase;
			buildActionMask = 2147483647;
			files = (
				2D423C222A1AC48B00B848F8 /* VideoCell.xib in Resources */,
				2D3F3EFF2A183CDD009CB0AF /* PlaylistsViewController.xib in Resources */,
				2D423C152A1ABA4100B848F8 /* SearchVideos.json in Resources */,
				2D423C262A1AC4A600B848F8 /* PlaylistCell.xib in Resources */,
				2D6FC6202A1659EF00436F02 /* LaunchScreen.storyboard in Resources */,
				2D3F3F072A183D06009CB0AF /* AboutViewController.xib in Resources */,
				2D423C132A1ABA1500B848F8 /* PlaylistItems.json in Resources */,
				2D423C102A1AB9DC00B848F8 /* Playlists.json in Resources */,
				2D423C172A1ABB8C00B848F8 /* VideoOnlyOne.json in Resources */,
				2D6FC61D2A1659EF00436F02 /* Assets.xcassets in Resources */,
				2D423C112A1AB9E300B848F8 /* Channel.json in Resources */,
				2D3F3EFB2A183CC4009CB0AF /* VideosViewController.xib in Resources */,
				2D6FC61B2A1659EE00436F02 /* Main.storyboard in Resources */,
				2D3F3F032A183CF8009CB0AF /* ChannelsViewController.xib in Resources */,
			);
			runOnlyForDeploymentPostprocessing = 0;
		};
/* End PBXResourcesBuildPhase section */

/* Begin PBXSourcesBuildPhase section */
		2D6FC60C2A1659EE00436F02 /* Sources */ = {
			isa = PBXSourcesBuildPhase;
			buildActionMask = 2147483647;
			files = (
				2D3F3EE92A1838B3009CB0AF /* ChannelModel.swift in Sources */,
				2D3F3F0C2A184476009CB0AF /* NetworkError.swift in Sources */,
				2D3F3EE72A183665009CB0AF /* PlaylistItemsModel.swift in Sources */,
				2D3F3F192A18537B009CB0AF /* HomePresenter.swift in Sources */,
				2D3F3EFA2A183CC4009CB0AF /* VideosViewController.swift in Sources */,
				2D423C212A1AC48B00B848F8 /* VideoCell.swift in Sources */,
				2D6FC6182A1659EE00436F02 /* ViewController.swift in Sources */,
				2D423C0A2A1AB7F900B848F8 /* HomeProviderMock.swift in Sources */,
				2D423C0D2A1AB84500B848F8 /* Utils.swift in Sources */,
				2D3F3EFE2A183CDD009CB0AF /* PlaylistsViewController.swift in Sources */,
				2D3F3F0E2A184532009CB0AF /* RequestModel.swift in Sources */,
				2D423C252A1AC4A600B848F8 /* PlaylistCell.swift in Sources */,
				2D3F3EE32A17C54A009CB0AF /* PlaylistsModel.swift in Sources */,
				2D423C192A1AC36100B848F8 /* MockManager.swift in Sources */,
				2D6FC6142A1659EE00436F02 /* AppDelegate.swift in Sources */,
				2D67EAA52A1B4CB10036A463 /* ChannelCell.swift in Sources */,
				2D3F3EF22A183C75009CB0AF /* HomeViewController.swift in Sources */,
				2D3F3EE52A17D6B7009CB0AF /* VideoModel.swift in Sources */,
				2D3F3F172A185176009CB0AF /* HomeProvider.swift in Sources */,
				2D3F3EEE2A183B25009CB0AF /* MainViewController.swift in Sources */,
				2D3F3F0A2A184465009CB0AF /* ServiceLayer.swift in Sources */,
				2D3F3F062A183D06009CB0AF /* AboutViewController.swift in Sources */,
				2D3F3F022A183CF8009CB0AF /* ChannelsViewController.swift in Sources */,
				2D6FC6162A1659EE00436F02 /* SceneDelegate.swift in Sources */,
				2D3F3EEC2A183B0A009CB0AF /* RootPageViewController.swift in Sources */,
				2D3F3F112A1846BB009CB0AF /* Constants.swift in Sources */,
			);
			runOnlyForDeploymentPostprocessing = 0;
		};
/* End PBXSourcesBuildPhase section */

/* Begin PBXVariantGroup section */
		2D6FC6192A1659EE00436F02 /* Main.storyboard */ = {
			isa = PBXVariantGroup;
			children = (
				2D6FC61A2A1659EE00436F02 /* Base */,
			);
			name = Main.storyboard;
			sourceTree = "<group>";
		};
		2D6FC61E2A1659EF00436F02 /* LaunchScreen.storyboard */ = {
			isa = PBXVariantGroup;
			children = (
				2D6FC61F2A1659EF00436F02 /* Base */,
			);
			name = LaunchScreen.storyboard;
			sourceTree = "<group>";
		};
/* End PBXVariantGroup section */

/* Begin XCBuildConfiguration section */
		2D6FC6222A1659EF00436F02 /* Debug */ = {
			isa = XCBuildConfiguration;
			buildSettings = {
				ALWAYS_SEARCH_USER_PATHS = NO;
				CLANG_ANALYZER_NONNULL = YES;
				CLANG_ANALYZER_NUMBER_OBJECT_CONVERSION = YES_AGGRESSIVE;
				CLANG_CXX_LANGUAGE_STANDARD = "gnu++20";
				CLANG_ENABLE_MODULES = YES;
				CLANG_ENABLE_OBJC_ARC = YES;
				CLANG_ENABLE_OBJC_WEAK = YES;
				CLANG_WARN_BLOCK_CAPTURE_AUTORELEASING = YES;
				CLANG_WARN_BOOL_CONVERSION = YES;
				CLANG_WARN_COMMA = YES;
				CLANG_WARN_CONSTANT_CONVERSION = YES;
				CLANG_WARN_DEPRECATED_OBJC_IMPLEMENTATIONS = YES;
				CLANG_WARN_DIRECT_OBJC_ISA_USAGE = YES_ERROR;
				CLANG_WARN_DOCUMENTATION_COMMENTS = YES;
				CLANG_WARN_EMPTY_BODY = YES;
				CLANG_WARN_ENUM_CONVERSION = YES;
				CLANG_WARN_INFINITE_RECURSION = YES;
				CLANG_WARN_INT_CONVERSION = YES;
				CLANG_WARN_NON_LITERAL_NULL_CONVERSION = YES;
				CLANG_WARN_OBJC_IMPLICIT_RETAIN_SELF = YES;
				CLANG_WARN_OBJC_LITERAL_CONVERSION = YES;
				CLANG_WARN_OBJC_ROOT_CLASS = YES_ERROR;
				CLANG_WARN_QUOTED_INCLUDE_IN_FRAMEWORK_HEADER = YES;
				CLANG_WARN_RANGE_LOOP_ANALYSIS = YES;
				CLANG_WARN_STRICT_PROTOTYPES = YES;
				CLANG_WARN_SUSPICIOUS_MOVE = YES;
				CLANG_WARN_UNGUARDED_AVAILABILITY = YES_AGGRESSIVE;
				CLANG_WARN_UNREACHABLE_CODE = YES;
				CLANG_WARN__DUPLICATE_METHOD_MATCH = YES;
				COPY_PHASE_STRIP = NO;
				DEBUG_INFORMATION_FORMAT = dwarf;
				ENABLE_STRICT_OBJC_MSGSEND = YES;
				ENABLE_TESTABILITY = YES;
				GCC_C_LANGUAGE_STANDARD = gnu11;
				GCC_DYNAMIC_NO_PIC = NO;
				GCC_NO_COMMON_BLOCKS = YES;
				GCC_OPTIMIZATION_LEVEL = 0;
				GCC_PREPROCESSOR_DEFINITIONS = (
					"DEBUG=1",
					"$(inherited)",
				);
				GCC_WARN_64_TO_32_BIT_CONVERSION = YES;
				GCC_WARN_ABOUT_RETURN_TYPE = YES_ERROR;
				GCC_WARN_UNDECLARED_SELECTOR = YES;
				GCC_WARN_UNINITIALIZED_AUTOS = YES_AGGRESSIVE;
				GCC_WARN_UNUSED_FUNCTION = YES;
				GCC_WARN_UNUSED_VARIABLE = YES;
				IPHONEOS_DEPLOYMENT_TARGET = 16.4;
				MTL_ENABLE_DEBUG_INFO = INCLUDE_SOURCE;
				MTL_FAST_MATH = YES;
				ONLY_ACTIVE_ARCH = YES;
				SDKROOT = iphoneos;
				SWIFT_ACTIVE_COMPILATION_CONDITIONS = DEBUG;
				SWIFT_OPTIMIZATION_LEVEL = "-Onone";
			};
			name = Debug;
		};
		2D6FC6232A1659EF00436F02 /* Release */ = {
			isa = XCBuildConfiguration;
			buildSettings = {
				ALWAYS_SEARCH_USER_PATHS = NO;
				CLANG_ANALYZER_NONNULL = YES;
				CLANG_ANALYZER_NUMBER_OBJECT_CONVERSION = YES_AGGRESSIVE;
				CLANG_CXX_LANGUAGE_STANDARD = "gnu++20";
				CLANG_ENABLE_MODULES = YES;
				CLANG_ENABLE_OBJC_ARC = YES;
				CLANG_ENABLE_OBJC_WEAK = YES;
				CLANG_WARN_BLOCK_CAPTURE_AUTORELEASING = YES;
				CLANG_WARN_BOOL_CONVERSION = YES;
				CLANG_WARN_COMMA = YES;
				CLANG_WARN_CONSTANT_CONVERSION = YES;
				CLANG_WARN_DEPRECATED_OBJC_IMPLEMENTATIONS = YES;
				CLANG_WARN_DIRECT_OBJC_ISA_USAGE = YES_ERROR;
				CLANG_WARN_DOCUMENTATION_COMMENTS = YES;
				CLANG_WARN_EMPTY_BODY = YES;
				CLANG_WARN_ENUM_CONVERSION = YES;
				CLANG_WARN_INFINITE_RECURSION = YES;
				CLANG_WARN_INT_CONVERSION = YES;
				CLANG_WARN_NON_LITERAL_NULL_CONVERSION = YES;
				CLANG_WARN_OBJC_IMPLICIT_RETAIN_SELF = YES;
				CLANG_WARN_OBJC_LITERAL_CONVERSION = YES;
				CLANG_WARN_OBJC_ROOT_CLASS = YES_ERROR;
				CLANG_WARN_QUOTED_INCLUDE_IN_FRAMEWORK_HEADER = YES;
				CLANG_WARN_RANGE_LOOP_ANALYSIS = YES;
				CLANG_WARN_STRICT_PROTOTYPES = YES;
				CLANG_WARN_SUSPICIOUS_MOVE = YES;
				CLANG_WARN_UNGUARDED_AVAILABILITY = YES_AGGRESSIVE;
				CLANG_WARN_UNREACHABLE_CODE = YES;
				CLANG_WARN__DUPLICATE_METHOD_MATCH = YES;
				COPY_PHASE_STRIP = NO;
				DEBUG_INFORMATION_FORMAT = "dwarf-with-dsym";
				ENABLE_NS_ASSERTIONS = NO;
				ENABLE_STRICT_OBJC_MSGSEND = YES;
				GCC_C_LANGUAGE_STANDARD = gnu11;
				GCC_NO_COMMON_BLOCKS = YES;
				GCC_WARN_64_TO_32_BIT_CONVERSION = YES;
				GCC_WARN_ABOUT_RETURN_TYPE = YES_ERROR;
				GCC_WARN_UNDECLARED_SELECTOR = YES;
				GCC_WARN_UNINITIALIZED_AUTOS = YES_AGGRESSIVE;
				GCC_WARN_UNUSED_FUNCTION = YES;
				GCC_WARN_UNUSED_VARIABLE = YES;
				IPHONEOS_DEPLOYMENT_TARGET = 16.4;
				MTL_ENABLE_DEBUG_INFO = NO;
				MTL_FAST_MATH = YES;
				SDKROOT = iphoneos;
				SWIFT_COMPILATION_MODE = wholemodule;
				SWIFT_OPTIMIZATION_LEVEL = "-O";
				VALIDATE_PRODUCT = YES;
			};
			name = Release;
		};
		2D6FC6252A1659EF00436F02 /* Debug */ = {
			isa = XCBuildConfiguration;
			buildSettings = {
				ASSETCATALOG_COMPILER_APPICON_NAME = AppIcon;
				ASSETCATALOG_COMPILER_GLOBAL_ACCENT_COLOR_NAME = AccentColor;
				CODE_SIGN_STYLE = Automatic;
				CURRENT_PROJECT_VERSION = 1;
				DEVELOPMENT_TEAM = 63JNZL9NHF;
				GENERATE_INFOPLIST_FILE = YES;
				INFOPLIST_FILE = GualdoTube/Info.plist;
				INFOPLIST_KEY_UIApplicationSupportsIndirectInputEvents = YES;
				INFOPLIST_KEY_UILaunchStoryboardName = LaunchScreen;
				INFOPLIST_KEY_UIMainStoryboardFile = Main;
				INFOPLIST_KEY_UISupportedInterfaceOrientations_iPad = "UIInterfaceOrientationPortrait UIInterfaceOrientationPortraitUpsideDown UIInterfaceOrientationLandscapeLeft UIInterfaceOrientationLandscapeRight";
				INFOPLIST_KEY_UISupportedInterfaceOrientations_iPhone = "UIInterfaceOrientationPortrait UIInterfaceOrientationLandscapeLeft UIInterfaceOrientationLandscapeRight";
				LD_RUNPATH_SEARCH_PATHS = (
					"$(inherited)",
					"@executable_path/Frameworks",
				);
				MARKETING_VERSION = 1.0;
				PRODUCT_BUNDLE_IDENTIFIER = eduardodelacruz.GualdoTube;
				PRODUCT_NAME = "$(TARGET_NAME)";
				SWIFT_EMIT_LOC_STRINGS = YES;
				SWIFT_VERSION = 5.0;
				TARGETED_DEVICE_FAMILY = "1,2";
			};
			name = Debug;
		};
		2D6FC6262A1659EF00436F02 /* Release */ = {
			isa = XCBuildConfiguration;
			buildSettings = {
				ASSETCATALOG_COMPILER_APPICON_NAME = AppIcon;
				ASSETCATALOG_COMPILER_GLOBAL_ACCENT_COLOR_NAME = AccentColor;
				CODE_SIGN_STYLE = Automatic;
				CURRENT_PROJECT_VERSION = 1;
				DEVELOPMENT_TEAM = 63JNZL9NHF;
				GENERATE_INFOPLIST_FILE = YES;
				INFOPLIST_FILE = GualdoTube/Info.plist;
				INFOPLIST_KEY_UIApplicationSupportsIndirectInputEvents = YES;
				INFOPLIST_KEY_UILaunchStoryboardName = LaunchScreen;
				INFOPLIST_KEY_UIMainStoryboardFile = Main;
				INFOPLIST_KEY_UISupportedInterfaceOrientations_iPad = "UIInterfaceOrientationPortrait UIInterfaceOrientationPortraitUpsideDown UIInterfaceOrientationLandscapeLeft UIInterfaceOrientationLandscapeRight";
				INFOPLIST_KEY_UISupportedInterfaceOrientations_iPhone = "UIInterfaceOrientationPortrait UIInterfaceOrientationLandscapeLeft UIInterfaceOrientationLandscapeRight";
				LD_RUNPATH_SEARCH_PATHS = (
					"$(inherited)",
					"@executable_path/Frameworks",
				);
				MARKETING_VERSION = 1.0;
				PRODUCT_BUNDLE_IDENTIFIER = eduardodelacruz.GualdoTube;
				PRODUCT_NAME = "$(TARGET_NAME)";
				SWIFT_EMIT_LOC_STRINGS = YES;
				SWIFT_VERSION = 5.0;
				TARGETED_DEVICE_FAMILY = "1,2";
			};
			name = Release;
		};
/* End XCBuildConfiguration section */

/* Begin XCConfigurationList section */
		2D6FC60B2A1659EE00436F02 /* Build configuration list for PBXProject "GualdoTube" */ = {
			isa = XCConfigurationList;
			buildConfigurations = (
				2D6FC6222A1659EF00436F02 /* Debug */,
				2D6FC6232A1659EF00436F02 /* Release */,
			);
			defaultConfigurationIsVisible = 0;
			defaultConfigurationName = Release;
		};
		2D6FC6242A1659EF00436F02 /* Build configuration list for PBXNativeTarget "GualdoTube" */ = {
			isa = XCConfigurationList;
			buildConfigurations = (
				2D6FC6252A1659EF00436F02 /* Debug */,
				2D6FC6262A1659EF00436F02 /* Release */,
			);
			defaultConfigurationIsVisible = 0;
			defaultConfigurationName = Release;
		};
/* End XCConfigurationList section */

/* Begin XCRemoteSwiftPackageReference section */
		2D47C44F2A1AF2D30090AB49 /* XCRemoteSwiftPackageReference "Kingfisher" */ = {
			isa = XCRemoteSwiftPackageReference;
			repositoryURL = "https://github.com/onevcat/Kingfisher.git";
			requirement = {
				kind = upToNextMajorVersion;
				minimumVersion = 7.0.0;
			};
		};
/* End XCRemoteSwiftPackageReference section */

/* Begin XCSwiftPackageProductDependency section */
		2D47C4502A1AF2D30090AB49 /* Kingfisher */ = {
			isa = XCSwiftPackageProductDependency;
			package = 2D47C44F2A1AF2D30090AB49 /* XCRemoteSwiftPackageReference "Kingfisher" */;
			productName = Kingfisher;
		};
/* End XCSwiftPackageProductDependency section */
	};
	rootObject = 2D6FC6082A1659EE00436F02 /* Project object */;
}
